
Microsoft Visual Studio Solution File, Format Version 12.00
# Visual Studio Version 16
VisualStudioVersion = 16.0.30907.101
MinimumVisualStudioVersion = 10.0.40219.1
Project("{FAE04EC0-301F-11D3-BF4B-00C04F79EFBC}") = "MiPrimeraAppNetCore", "MiPrimeraAppNetCore.csproj", "{4AE01387-D3CC-4D1D-A816-6F8A54CE83C0}"
EndProject
Global
	GlobalSection(SolutionConfigurationPlatforms) = preSolution
		Debug|Any CPU = Debug|Any CPU
		Release|Any CPU = Release|Any CPU
	EndGlobalSection
	GlobalSection(ProjectConfigurationPlatforms) = postSolution
		{4AE01387-D3CC-4D1D-A816-6F8A54CE83C0}.Debug|Any CPU.ActiveCfg = Debug|Any CPU
		{4AE01387-D3CC-4D1D-A816-6F8A54CE83C0}.Debug|Any CPU.Build.0 = Debug|Any CPU
		{4AE01387-D3CC-4D1D-A816-6F8A54CE83C0}.Release|Any CPU.ActiveCfg = Release|Any CPU
		{4AE01387-D3CC-4D1D-A816-6F8A54CE83C0}.Release|Any CPU.Build.0 = Release|Any CPU
	EndGlobalSection
	GlobalSection(SolutionProperties) = preSolution
		HideSolutionNode = FALSE
	EndGlobalSection
	GlobalSection(ExtensibilityGlobals) = postSolution
		SolutionGuid = {842042A6-8D07-4564-8F97-C47DE9D77C25}
	EndGlobalSection
EndGlobal
